hash: bdf5c0b43903ad8f1246f2cdfe547d87d5dcc3a4055c326109e5a2a40514e3e3
updated: 2017-01-03T11:33:34.534556739-06:00
imports:
- name: github.com/gocql/gocql
  version: db6f35eb602dd0770a7162e0e23e5cfb1cc05b91
  subpackages:
  - internal/lru
  - internal/murmur
  - internal/streams
- name: github.com/golang/snappy
  version: d9eb7a3d35ec988b8585d4a0068e462c27d28380
- name: github.com/hailocab/go-hostpool
  version: e80d13ce29ede4452c43dea11e79b9bc8a15b478
- name: github.com/Sirupsen/logrus
  version: 881bee4e20a5d11a6a88a5667c6f292072ac1963
- name: golang.org/x/net
  version: 468bac874d80e6ca892ecbb9bf09c72519b5b751
  subpackages:
  - context
- name: golang.org/x/sys
  version: d75a52659825e75fff6158388dddc6a5b04f9ba5
  subpackages:
  - unix
- name: gopkg.in/inf.v0
  version: 3887ee99ecf07df5b447e9b00d9c0b2adaa9f3e4
testImports: []
